
Microsoft Visual Studio Solution File, Format Version 12.00
# Visual Studio Version 17
VisualStudioVersion = 17.6.33829.357
MinimumVisualStudioVersion = 10.0.40219.1
Project("{9A19103F-16F7-4668-BE54-9A1E7A4F7556}") = "ADO_API", "ADO_API.csproj", "{C349D237-C32B-4F57-86A3-C576A2CFD643}"
EndProject
Global
	GlobalSection(SolutionConfigurationPlatforms) = preSolution
		Debug|Any CPU = Debug|Any CPU
		Release|Any CPU = Release|Any CPU
	EndGlobalSection
	GlobalSection(ProjectConfigurationPlatforms) = postSolution
		{C349D237-C32B-4F57-86A3-C576A2CFD643}.Debug|Any CPU.ActiveCfg = Debug|Any CPU
		{C349D237-C32B-4F57-86A3-C576A2CFD643}.Debug|Any CPU.Build.0 = Debug|Any CPU
		{C349D237-C32B-4F57-86A3-C576A2CFD643}.Release|Any CPU.ActiveCfg = Release|Any CPU
		{C349D237-C32B-4F57-86A3-C576A2CFD643}.Release|Any CPU.Build.0 = Release|Any CPU
	EndGlobalSection
	GlobalSection(SolutionProperties) = preSolution
		HideSolutionNode = FALSE
	EndGlobalSection
	GlobalSection(ExtensibilityGlobals) = postSolution
		SolutionGuid = {D44F0144-147D-4E1C-AFED-20578A1161E8}
	EndGlobalSection
EndGlobal
